
Microsoft Visual Studio Solution File, Format Version 12.00
# Visual Studio 15
VisualStudioVersion = 15.0.26730.8
MinimumVisualStudioVersion = 10.0.40219.1
Project("{FAE04EC0-301F-11D3-BF4B-00C04F79EFBC}") = "P5 - Smallest multiple", "P5 - Smallest multiple\P5 - Smallest multiple.csproj", "{C116A160-A9D1-466B-82B2-37DAA18AA863}"
EndProject
Global
	GlobalSection(SolutionConfigurationPlatforms) = preSolution
		Debug|Any CPU = Debug|Any CPU
		Release|Any CPU = Release|Any CPU
	EndGlobalSection
	GlobalSection(ProjectConfigurationPlatforms) = postSolution
		{C116A160-A9D1-466B-82B2-37DAA18AA863}.Debug|Any CPU.ActiveCfg = Debug|Any CPU
		{C116A160-A9D1-466B-82B2-37DAA18AA863}.Debug|Any CPU.Build.0 = Debug|Any CPU
		{C116A160-A9D1-466B-82B2-37DAA18AA863}.Release|Any CPU.ActiveCfg = Release|Any CPU
		{C116A160-A9D1-466B-82B2-37DAA18AA863}.Release|Any CPU.Build.0 = Release|Any CPU
	EndGlobalSection
	GlobalSection(SolutionProperties) = preSolution
		HideSolutionNode = FALSE
	EndGlobalSection
	GlobalSection(ExtensibilityGlobals) = postSolution
		SolutionGuid = {14B23459-CFE1-46DF-AB04-C3D75CF53BB5}
	EndGlobalSection
EndGlobal
