
Microsoft Visual Studio Solution File, Format Version 12.00
# Visual Studio 15
VisualStudioVersion = 15.0.26730.8
MinimumVisualStudioVersion = 10.0.40219.1
Project("{FAE04EC0-301F-11D3-BF4B-00C04F79EFBC}") = "P6 - Sum square difference", "P6 - Sum square difference\P6 - Sum square difference.csproj", "{39A830BB-744B-4D6E-8DD8-5E5EB9870C17}"
EndProject
Global
	GlobalSection(SolutionConfigurationPlatforms) = preSolution
		Debug|Any CPU = Debug|Any CPU
		Release|Any CPU = Release|Any CPU
	EndGlobalSection
	GlobalSection(ProjectConfigurationPlatforms) = postSolution
		{39A830BB-744B-4D6E-8DD8-5E5EB9870C17}.Debug|Any CPU.ActiveCfg = Debug|Any CPU
		{39A830BB-744B-4D6E-8DD8-5E5EB9870C17}.Debug|Any CPU.Build.0 = Debug|Any CPU
		{39A830BB-744B-4D6E-8DD8-5E5EB9870C17}.Release|Any CPU.ActiveCfg = Release|Any CPU
		{39A830BB-744B-4D6E-8DD8-5E5EB9870C17}.Release|Any CPU.Build.0 = Release|Any CPU
	EndGlobalSection
	GlobalSection(SolutionProperties) = preSolution
		HideSolutionNode = FALSE
	EndGlobalSection
	GlobalSection(ExtensibilityGlobals) = postSolution
		SolutionGuid = {C1D9A202-1501-46D9-BF11-5649E866B990}
	EndGlobalSection
EndGlobal
